// !$*UTF8*$!
{
	archiveVersion = 1;
	classes = {
	};
	objectVersion = 46;
	objects = {

/* Begin PBXBuildFile section */
		B0D2BE601AD83BFF004799B2 /* AppDelegate.swift in Sources */ = {isa = PBXBuildFile; fileRef = B0D2BE5F1AD83BFF004799B2 /* AppDelegate.swift */; };
		B0D2BE621AD83BFF004799B2 /* ViewController.swift in Sources */ = {isa = PBXBuildFile; fileRef = B0D2BE611AD83BFF004799B2 /* ViewController.swift */; };
		B0D2BE671AD83BFF004799B2 /* Images.xcassets in Resources */ = {isa = PBXBuildFile; fileRef = B0D2BE661AD83BFF004799B2 /* Images.xcassets */; };
		B0D2BE6A1AD83BFF004799B2 /* LaunchScreen.xib in Resources */ = {isa = PBXBuildFile; fileRef = B0D2BE681AD83BFF004799B2 /* LaunchScreen.xib */; };
		B0D2BE761AD83BFF004799B2 /* SwiftySequencerTests.swift in Sources */ = {isa = PBXBuildFile; fileRef = B0D2BE751AD83BFF004799B2 /* SwiftySequencerTests.swift */; };
		B0D2BE851AD83C66004799B2 /* libTheAmazingAudioEngine.a in Frameworks */ = {isa = PBXBuildFile; fileRef = B0D2BE841AD83C5C004799B2 /* libTheAmazingAudioEngine.a */; };
		B0D2BEA01AD83EEB004799B2 /* AESequencerBeat.m in Sources */ = {isa = PBXBuildFile; fileRef = B0D2BE9B1AD83EEB004799B2 /* AESequencerBeat.m */; };
		B0D2BEA11AD83EEB004799B2 /* AESequencerChannel.m in Sources */ = {isa = PBXBuildFile; fileRef = B0D2BE9D1AD83EEB004799B2 /* AESequencerChannel.m */; };
		B0D2BEA21AD83EEB004799B2 /* AESequencerChannelSequence.m in Sources */ = {isa = PBXBuildFile; fileRef = B0D2BE9F1AD83EEB004799B2 /* AESequencerChannelSequence.m */; };
		B0D2BEA81AD83F18004799B2 /* crick.caf in Resources */ = {isa = PBXBuildFile; fileRef = B0D2BEA41AD83F18004799B2 /* crick.caf */; };
		B0D2BEA91AD83F18004799B2 /* hihat.caf in Resources */ = {isa = PBXBuildFile; fileRef = B0D2BEA51AD83F18004799B2 /* hihat.caf */; };
		B0D2BEAA1AD83F18004799B2 /* kick.caf in Resources */ = {isa = PBXBuildFile; fileRef = B0D2BEA61AD83F18004799B2 /* kick.caf */; };
		B0D2BEAB1AD83F18004799B2 /* woodblock.caf in Resources */ = {isa = PBXBuildFile; fileRef = B0D2BEA71AD83F18004799B2 /* woodblock.caf */; };
		B0EFDD051ADB0D1100FACD74 /* AudioManager.swift in Sources */ = {isa = PBXBuildFile; fileRef = B0EFDD041ADB0D1100FACD74 /* AudioManager.swift */; };
/* End PBXBuildFile section */

/* Begin PBXContainerItemProxy section */
		B0D2BE701AD83BFF004799B2 /* PBXContainerItemProxy */ = {
			isa = PBXContainerItemProxy;
			containerPortal = B0D2BE521AD83BFE004799B2 /* Project object */;
			proxyType = 1;
			remoteGlobalIDString = B0D2BE591AD83BFE004799B2;
			remoteInfo = SwiftySequencer;
		};
		B0D2BE831AD83C5C004799B2 /* PBXContainerItemProxy */ = {
			isa = PBXContainerItemProxy;
			containerPortal = B0D2BE7F1AD83C5C004799B2 /* TheAmazingAudioEngine.xcodeproj */;
			proxyType = 2;
			remoteGlobalIDString = 4C215CEC1523A7D500D36CAD;
			remoteInfo = TheAmazingAudioEngine;
		};
/* End PBXContainerItemProxy section */

/* Begin PBXFileReference section */
		B0D2BE5A1AD83BFE004799B2 /* SwiftySequencer.app */ = {isa = PBXFileReference; explicitFileType = wrapper.application; includeInIndex = 0; path = SwiftySequencer.app; sourceTree = BUILT_PRODUCTS_DIR; };
		B0D2BE5E1AD83BFF004799B2 /* Info.plist */ = {isa = PBXFileReference; lastKnownFileType = text.plist.xml; path = Info.plist; sourceTree = "<group>"; };
		B0D2BE5F1AD83BFF004799B2 /* AppDelegate.swift */ = {isa = PBXFileReference; lastKnownFileType = sourcecode.swift; path = AppDelegate.swift; sourceTree = "<group>"; };
		B0D2BE611AD83BFF004799B2 /* ViewController.swift */ = {isa = PBXFileReference; lastKnownFileType = sourcecode.swift; path = ViewController.swift; sourceTree = "<group>"; };
		B0D2BE661AD83BFF004799B2 /* Images.xcassets */ = {isa = PBXFileReference; lastKnownFileType = folder.assetcatalog; path = Images.xcassets; sourceTree = "<group>"; };
		B0D2BE691AD83BFF004799B2 /* Base */ = {isa = PBXFileReference; lastKnownFileType = file.xib; name = Base; path = Base.lproj/LaunchScreen.xib; sourceTree = "<group>"; };
		B0D2BE6F1AD83BFF004799B2 /* SwiftySequencerTests.xctest */ = {isa = PBXFileReference; explicitFileType = wrapper.cfbundle; includeInIndex = 0; path = SwiftySequencerTests.xctest; sourceTree = BUILT_PRODUCTS_DIR; };
		B0D2BE741AD83BFF004799B2 /* Info.plist */ = {isa = PBXFileReference; lastKnownFileType = text.plist.xml; path = Info.plist; sourceTree = "<group>"; };
		B0D2BE751AD83BFF004799B2 /* SwiftySequencerTests.swift */ = {isa = PBXFileReference; lastKnownFileType = sourcecode.swift; path = SwiftySequencerTests.swift; sourceTree = "<group>"; };
		B0D2BE7F1AD83C5C004799B2 /* TheAmazingAudioEngine.xcodeproj */ = {isa = PBXFileReference; lastKnownFileType = "wrapper.pb-project"; name = TheAmazingAudioEngine.xcodeproj; path = TheAmazingAudioEngine/TheAmazingAudioEngine.xcodeproj; sourceTree = "<group>"; };
		B0D2BE861AD83C71004799B2 /* Bridging-Header.h */ = {isa = PBXFileReference; lastKnownFileType = sourcecode.c.h; path = "Bridging-Header.h"; sourceTree = "<group>"; };
		B0D2BE9A1AD83EEB004799B2 /* AESequencerBeat.h */ = {isa = PBXFileReference; fileEncoding = 4; lastKnownFileType = sourcecode.c.h; path = AESequencerBeat.h; sourceTree = "<group>"; };
		B0D2BE9B1AD83EEB004799B2 /* AESequencerBeat.m */ = {isa = PBXFileReference; fileEncoding = 4; lastKnownFileType = sourcecode.c.objc; path = AESequencerBeat.m; sourceTree = "<group>"; };
		B0D2BE9C1AD83EEB004799B2 /* AESequencerChannel.h */ = {isa = PBXFileReference; fileEncoding = 4; lastKnownFileType = sourcecode.c.h; path = AESequencerChannel.h; sourceTree = "<group>"; };
		B0D2BE9D1AD83EEB004799B2 /* AESequencerChannel.m */ = {isa = PBXFileReference; fileEncoding = 4; lastKnownFileType = sourcecode.c.objc; path = AESequencerChannel.m; sourceTree = "<group>"; };
		B0D2BE9E1AD83EEB004799B2 /* AESequencerChannelSequence.h */ = {isa = PBXFileReference; fileEncoding = 4; lastKnownFileType = sourcecode.c.h; path = AESequencerChannelSequence.h; sourceTree = "<group>"; };
		B0D2BE9F1AD83EEB004799B2 /* AESequencerChannelSequence.m */ = {isa = PBXFileReference; fileEncoding = 4; lastKnownFileType = sourcecode.c.objc; path = AESequencerChannelSequence.m; sourceTree = "<group>"; };
		B0D2BEA41AD83F18004799B2 /* crick.caf */ = {isa = PBXFileReference; lastKnownFileType = file; path = crick.caf; sourceTree = "<group>"; };
		B0D2BEA51AD83F18004799B2 /* hihat.caf */ = {isa = PBXFileReference; lastKnownFileType = file; path = hihat.caf; sourceTree = "<group>"; };
		B0D2BEA61AD83F18004799B2 /* kick.caf */ = {isa = PBXFileReference; lastKnownFileType = file; path = kick.caf; sourceTree = "<group>"; };
		B0D2BEA71AD83F18004799B2 /* woodblock.caf */ = {isa = PBXFileReference; lastKnownFileType = file; path = woodblock.caf; sourceTree = "<group>"; };
		B0EFDD041ADB0D1100FACD74 /* AudioManager.swift */ = {isa = PBXFileReference; fileEncoding = 4; lastKnownFileType = sourcecode.swift; path = AudioManager.swift; sourceTree = "<group>"; };
/* End PBXFileReference section */

/* Begin PBXFrameworksBuildPhase section */
		B0D2BE571AD83BFE004799B2 /* Frameworks */ = {
			isa = PBXFrameworksBuildPhase;
			buildActionMask = 2147483647;
			files = (
				B0D2BE851AD83C66004799B2 /* libTheAmazingAudioEngine.a in Frameworks */,
			);
			runOnlyForDeploymentPostprocessing = 0;
		};
		B0D2BE6C1AD83BFF004799B2 /* Frameworks */ = {
			isa = PBXFrameworksBuildPhase;
			buildActionMask = 2147483647;
			files = (
			);
			runOnlyForDeploymentPostprocessing = 0;
		};
/* End PBXFrameworksBuildPhase section */

/* Begin PBXGroup section */
		B0D2BE511AD83BFE004799B2 = {
			isa = PBXGroup;
			children = (
				B0D2BEA31AD83F18004799B2 /* Sounds */,
				B0D2BE991AD83EEB004799B2 /* AESequencer */,
				B0D2BE861AD83C71004799B2 /* Bridging-Header.h */,
				B0D2BE7F1AD83C5C004799B2 /* TheAmazingAudioEngine.xcodeproj */,
				B0D2BE5C1AD83BFE004799B2 /* SwiftySequencer */,
				B0D2BE721AD83BFF004799B2 /* SwiftySequencerTests */,
				B0D2BE5B1AD83BFE004799B2 /* Products */,
			);
			sourceTree = "<group>";
		};
		B0D2BE5B1AD83BFE004799B2 /* Products */ = {
			isa = PBXGroup;
			children = (
				B0D2BE5A1AD83BFE004799B2 /* SwiftySequencer.app */,
				B0D2BE6F1AD83BFF004799B2 /* SwiftySequencerTests.xctest */,
			);
			name = Products;
			sourceTree = "<group>";
		};
		B0D2BE5C1AD83BFE004799B2 /* SwiftySequencer */ = {
			isa = PBXGroup;
			children = (
				B0D2BE5F1AD83BFF004799B2 /* AppDelegate.swift */,
				B0D2BE611AD83BFF004799B2 /* ViewController.swift */,
				B0EFDD041ADB0D1100FACD74 /* AudioManager.swift */,
				B0D2BE661AD83BFF004799B2 /* Images.xcassets */,
				B0D2BE681AD83BFF004799B2 /* LaunchScreen.xib */,
				B0D2BE5D1AD83BFE004799B2 /* Supporting Files */,
			);
			path = SwiftySequencer;
			sourceTree = "<group>";
		};
		B0D2BE5D1AD83BFE004799B2 /* Supporting Files */ = {
			isa = PBXGroup;
			children = (
				B0D2BE5E1AD83BFF004799B2 /* Info.plist */,
			);
			name = "Supporting Files";
			sourceTree = "<group>";
		};
		B0D2BE721AD83BFF004799B2 /* SwiftySequencerTests */ = {
			isa = PBXGroup;
			children = (
				B0D2BE751AD83BFF004799B2 /* SwiftySequencerTests.swift */,
				B0D2BE731AD83BFF004799B2 /* Supporting Files */,
			);
			path = SwiftySequencerTests;
			sourceTree = "<group>";
		};
		B0D2BE731AD83BFF004799B2 /* Supporting Files */ = {
			isa = PBXGroup;
			children = (
				B0D2BE741AD83BFF004799B2 /* Info.plist */,
			);
			name = "Supporting Files";
			sourceTree = "<group>";
		};
		B0D2BE801AD83C5C004799B2 /* Products */ = {
			isa = PBXGroup;
			children = (
				B0D2BE841AD83C5C004799B2 /* libTheAmazingAudioEngine.a */,
			);
			name = Products;
			sourceTree = "<group>";
		};
		B0D2BE991AD83EEB004799B2 /* AESequencer */ = {
			isa = PBXGroup;
			children = (
				B0D2BE9A1AD83EEB004799B2 /* AESequencerBeat.h */,
				B0D2BE9B1AD83EEB004799B2 /* AESequencerBeat.m */,
				B0D2BE9C1AD83EEB004799B2 /* AESequencerChannel.h */,
				B0D2BE9D1AD83EEB004799B2 /* AESequencerChannel.m */,
				B0D2BE9E1AD83EEB004799B2 /* AESequencerChannelSequence.h */,
				B0D2BE9F1AD83EEB004799B2 /* AESequencerChannelSequence.m */,
			);
			path = AESequencer;
			sourceTree = "<group>";
		};
		B0D2BEA31AD83F18004799B2 /* Sounds */ = {
			isa = PBXGroup;
			children = (
				B0D2BEA41AD83F18004799B2 /* crick.caf */,
				B0D2BEA51AD83F18004799B2 /* hihat.caf */,
				B0D2BEA61AD83F18004799B2 /* kick.caf */,
				B0D2BEA71AD83F18004799B2 /* woodblock.caf */,
			);
			path = Sounds;
			sourceTree = "<group>";
		};
/* End PBXGroup section */

/* Begin PBXNativeTarget section */
		B0D2BE591AD83BFE004799B2 /* SwiftySequencer */ = {
			isa = PBXNativeTarget;
			buildConfigurationList = B0D2BE791AD83BFF004799B2 /* Build configuration list for PBXNativeTarget "SwiftySequencer" */;
			buildPhases = (
				B0D2BE561AD83BFE004799B2 /* Sources */,
				B0D2BE571AD83BFE004799B2 /* Frameworks */,
				B0D2BE581AD83BFE004799B2 /* Resources */,
			);
			buildRules = (
			);
			dependencies = (
			);
			name = SwiftySequencer;
			productName = SwiftySequencer;
			productReference = B0D2BE5A1AD83BFE004799B2 /* SwiftySequencer.app */;
			productType = "com.apple.product-type.application";
		};
		B0D2BE6E1AD83BFF004799B2 /* SwiftySequencerTests */ = {
			isa = PBXNativeTarget;
			buildConfigurationList = B0D2BE7C1AD83BFF004799B2 /* Build configuration list for PBXNativeTarget "SwiftySequencerTests" */;
			buildPhases = (
				B0D2BE6B1AD83BFF004799B2 /* Sources */,
				B0D2BE6C1AD83BFF004799B2 /* Frameworks */,
				B0D2BE6D1AD83BFF004799B2 /* Resources */,
			);
			buildRules = (
			);
			dependencies = (
				B0D2BE711AD83BFF004799B2 /* PBXTargetDependency */,
			);
			name = SwiftySequencerTests;
			productName = SwiftySequencerTests;
			productReference = B0D2BE6F1AD83BFF004799B2 /* SwiftySequencerTests.xctest */;
			productType = "com.apple.product-type.bundle.unit-test";
		};
/* End PBXNativeTarget section */

/* Begin PBXProject section */
		B0D2BE521AD83BFE004799B2 /* Project object */ = {
			isa = PBXProject;
			attributes = {
				LastUpgradeCheck = 0630;
				ORGANIZATIONNAME = Ariel;
				TargetAttributes = {
					B0D2BE591AD83BFE004799B2 = {
						CreatedOnToolsVersion = 6.3;
					};
					B0D2BE6E1AD83BFF004799B2 = {
						CreatedOnToolsVersion = 6.3;
						TestTargetID = B0D2BE591AD83BFE004799B2;
					};
				};
			};
			buildConfigurationList = B0D2BE551AD83BFE004799B2 /* Build configuration list for PBXProject "SwiftySequencer" */;
			compatibilityVersion = "Xcode 3.2";
			developmentRegion = English;
			hasScannedForEncodings = 0;
			knownRegions = (
				en,
				Base,
			);
			mainGroup = B0D2BE511AD83BFE004799B2;
			productRefGroup = B0D2BE5B1AD83BFE004799B2 /* Products */;
			projectDirPath = "";
			projectReferences = (
				{
					ProductGroup = B0D2BE801AD83C5C004799B2 /* Products */;
					ProjectRef = B0D2BE7F1AD83C5C004799B2 /* TheAmazingAudioEngine.xcodeproj */;
				},
			);
			projectRoot = "";
			targets = (
				B0D2BE591AD83BFE004799B2 /* SwiftySequencer */,
				B0D2BE6E1AD83BFF004799B2 /* SwiftySequencerTests */,
			);
		};
/* End PBXProject section */

/* Begin PBXReferenceProxy section */
		B0D2BE841AD83C5C004799B2 /* libTheAmazingAudioEngine.a */ = {
			isa = PBXReferenceProxy;
			fileType = archive.ar;
			path = libTheAmazingAudioEngine.a;
			remoteRef = B0D2BE831AD83C5C004799B2 /* PBXContainerItemProxy */;
			sourceTree = BUILT_PRODUCTS_DIR;
		};
/* End PBXReferenceProxy section */

/* Begin PBXResourcesBuildPhase section */
		B0D2BE581AD83BFE004799B2 /* Resources */ = {
			isa = PBXResourcesBuildPhase;
			buildActionMask = 2147483647;
			files = (
				B0D2BEAA1AD83F18004799B2 /* kick.caf in Resources */,
				B0D2BEAB1AD83F18004799B2 /* woodblock.caf in Resources */,
				B0D2BEA91AD83F18004799B2 /* hihat.caf in Resources */,
				B0D2BEA81AD83F18004799B2 /* crick.caf in Resources */,
				B0D2BE6A1AD83BFF004799B2 /* LaunchScreen.xib in Resources */,
				B0D2BE671AD83BFF004799B2 /* Images.xcassets in Resources */,
			);
			runOnlyForDeploymentPostprocessing = 0;
		};
		B0D2BE6D1AD83BFF004799B2 /* Resources */ = {
			isa = PBXResourcesBuildPhase;
			buildActionMask = 2147483647;
			files = (
			);
			runOnlyForDeploymentPostprocessing = 0;
		};
/* End PBXResourcesBuildPhase section */

/* Begin PBXSourcesBuildPhase section */
		B0D2BE561AD83BFE004799B2 /* Sources */ = {
			isa = PBXSourcesBuildPhase;
			buildActionMask = 2147483647;
			files = (
				B0EFDD051ADB0D1100FACD74 /* AudioManager.swift in Sources */,
				B0D2BEA21AD83EEB004799B2 /* AESequencerChannelSequence.m in Sources */,
				B0D2BE621AD83BFF004799B2 /* ViewController.swift in Sources */,
				B0D2BEA11AD83EEB004799B2 /* AESequencerChannel.m in Sources */,
				B0D2BE601AD83BFF004799B2 /* AppDelegate.swift in Sources */,
				B0D2BEA01AD83EEB004799B2 /* AESequencerBeat.m in Sources */,
			);
			runOnlyForDeploymentPostprocessing = 0;
		};
		B0D2BE6B1AD83BFF004799B2 /* Sources */ = {
			isa = PBXSourcesBuildPhase;
			buildActionMask = 2147483647;
			files = (
				B0D2BE761AD83BFF004799B2 /* SwiftySequencerTests.swift in Sources */,
			);
			runOnlyForDeploymentPostprocessing = 0;
		};
/* End PBXSourcesBuildPhase section */

/* Begin PBXTargetDependency section */
		B0D2BE711AD83BFF004799B2 /* PBXTargetDependency */ = {
			isa = PBXTargetDependency;
			target = B0D2BE591AD83BFE004799B2 /* SwiftySequencer */;
			targetProxy = B0D2BE701AD83BFF004799B2 /* PBXContainerItemProxy */;
		};
/* End PBXTargetDependency section */

/* Begin PBXVariantGroup section */
		B0D2BE681AD83BFF004799B2 /* LaunchScreen.xib */ = {
			isa = PBXVariantGroup;
			children = (
				B0D2BE691AD83BFF004799B2 /* Base */,
			);
			name = LaunchScreen.xib;
			sourceTree = "<group>";
		};
/* End PBXVariantGroup section */

/* Begin XCBuildConfiguration section */
		B0D2BE771AD83BFF004799B2 /* Debug */ = {
			isa = XCBuildConfiguration;
			buildSettings = {
				ALWAYS_SEARCH_USER_PATHS = NO;
				CLANG_CXX_LANGUAGE_STANDARD = "gnu++0x";
				CLANG_CXX_LIBRARY = "libc++";
				CLANG_ENABLE_MODULES = YES;
				CLANG_ENABLE_OBJC_ARC = YES;
				CLANG_WARN_BOOL_CONVERSION = YES;
				CLANG_WARN_CONSTANT_CONVERSION = YES;
				CLANG_WARN_DIRECT_OBJC_ISA_USAGE = YES_ERROR;
				CLANG_WARN_EMPTY_BODY = YES;
				CLANG_WARN_ENUM_CONVERSION = YES;
				CLANG_WARN_INT_CONVERSION = YES;
				CLANG_WARN_OBJC_ROOT_CLASS = YES_ERROR;
				CLANG_WARN_UNREACHABLE_CODE = YES;
				CLANG_WARN__DUPLICATE_METHOD_MATCH = YES;
				"CODE_SIGN_IDENTITY[sdk=iphoneos*]" = "iPhone Developer";
				COPY_PHASE_STRIP = NO;
				DEBUG_INFORMATION_FORMAT = "dwarf-with-dsym";
				ENABLE_STRICT_OBJC_MSGSEND = YES;
				GCC_C_LANGUAGE_STANDARD = gnu99;
				GCC_DYNAMIC_NO_PIC = NO;
				GCC_NO_COMMON_BLOCKS = YES;
				GCC_OPTIMIZATION_LEVEL = 0;
				GCC_PREPROCESSOR_DEFINITIONS = (
					"DEBUG=1",
					"$(inherited)",
				);
				GCC_SYMBOLS_PRIVATE_EXTERN = NO;
				GCC_WARN_64_TO_32_BIT_CONVERSION = YES;
				GCC_WARN_ABOUT_RETURN_TYPE = YES_ERROR;
				GCC_WARN_UNDECLARED_SELECTOR = YES;
				GCC_WARN_UNINITIALIZED_AUTOS = YES_AGGRESSIVE;
				GCC_WARN_UNUSED_FUNCTION = YES;
				GCC_WARN_UNUSED_VARIABLE = YES;
				IPHONEOS_DEPLOYMENT_TARGET = 8.3;
				MTL_ENABLE_DEBUG_INFO = YES;
				ONLY_ACTIVE_ARCH = YES;
				SDKROOT = iphoneos;
				SWIFT_OPTIMIZATION_LEVEL = "-Onone";
			};
			name = Debug;
		};
		B0D2BE781AD83BFF004799B2 /* Release */ = {
			isa = XCBuildConfiguration;
			buildSettings = {
				ALWAYS_SEARCH_USER_PATHS = NO;
				CLANG_CXX_LANGUAGE_STANDARD = "gnu++0x";
				CLANG_CXX_LIBRARY = "libc++";
				CLANG_ENABLE_MODULES = YES;
				CLANG_ENABLE_OBJC_ARC = YES;
				CLANG_WARN_BOOL_CONVERSION = YES;
				CLANG_WARN_CONSTANT_CONVERSION = YES;
				CLANG_WARN_DIRECT_OBJC_ISA_USAGE = YES_ERROR;
				CLANG_WARN_EMPTY_BODY = YES;
				CLANG_WARN_ENUM_CONVERSION = YES;
				CLANG_WARN_INT_CONVERSION = YES;
				CLANG_WARN_OBJC_ROOT_CLASS = YES_ERROR;
				CLANG_WARN_UNREACHABLE_CODE = YES;
				CLANG_WARN__DUPLICATE_METHOD_MATCH = YES;
				"CODE_SIGN_IDENTITY[sdk=iphoneos*]" = "iPhone Developer";
				COPY_PHASE_STRIP = NO;
				DEBUG_INFORMATION_FORMAT = "dwarf-with-dsym";
				ENABLE_NS_ASSERTIONS = NO;
				ENABLE_STRICT_OBJC_MSGSEND = YES;
				GCC_C_LANGUAGE_STANDARD = gnu99;
				GCC_NO_COMMON_BLOCKS = YES;
				GCC_WARN_64_TO_32_BIT_CONVERSION = YES;
				GCC_WARN_ABOUT_RETURN_TYPE = YES_ERROR;
				GCC_WARN_UNDECLARED_SELECTOR = YES;
				GCC_WARN_UNINITIALIZED_AUTOS = YES_AGGRESSIVE;
				GCC_WARN_UNUSED_FUNCTION = YES;
				GCC_WARN_UNUSED_VARIABLE = YES;
				IPHONEOS_DEPLOYMENT_TARGET = 8.3;
				MTL_ENABLE_DEBUG_INFO = NO;
				SDKROOT = iphoneos;
				VALIDATE_PRODUCT = YES;
			};
			name = Release;
		};
		B0D2BE7A1AD83BFF004799B2 /* Debug */ = {
			isa = XCBuildConfiguration;
			buildSettings = {
				ASSETCATALOG_COMPILER_APPICON_NAME = AppIcon;
				INFOPLIST_FILE = SwiftySequencer/Info.plist;
				LD_RUNPATH_SEARCH_PATHS = "$(inherited) @executable_path/Frameworks";
				PRODUCT_NAME = "$(TARGET_NAME)";
				SWIFT_OBJC_BRIDGING_HEADER = "Bridging-Header.h";
				USER_HEADER_SEARCH_PATHS = TheAmazingAudioEngine/TheAmazingAudioEngine/;
			};
			name = Debug;
		};
		B0D2BE7B1AD83BFF004799B2 /* Release */ = {
			isa = XCBuildConfiguration;
			buildSettings = {
				ASSETCATALOG_COMPILER_APPICON_NAME = AppIcon;
				INFOPLIST_FILE = SwiftySequencer/Info.plist;
				LD_RUNPATH_SEARCH_PATHS = "$(inherited) @executable_path/Frameworks";
				PRODUCT_NAME = "$(TARGET_NAME)";
				SWIFT_OBJC_BRIDGING_HEADER = "Bridging-Header.h";
				USER_HEADER_SEARCH_PATHS = TheAmazingAudioEngine/TheAmazingAudioEngine/;
			};
			name = Release;
		};
		B0D2BE7D1AD83BFF004799B2 /* Debug */ = {
			isa = XCBuildConfiguration;
			buildSettings = {
				BUNDLE_LOADER = "$(TEST_HOST)";
				FRAMEWORK_SEARCH_PATHS = (
					"$(SDKROOT)/Developer/Library/Frameworks",
					"$(inherited)",
				);
				GCC_PREPROCESSOR_DEFINITIONS = (
					"DEBUG=1",
					"$(inherited)",
				);
				INFOPLIST_FILE = SwiftySequencerTests/Info.plist;
				LD_RUNPATH_SEARCH_PATHS = "$(inherited) @executable_path/Frameworks @loader_path/Frameworks";
				PRODUCT_NAME = "$(TARGET_NAME)";
				TEST_HOST = "$(BUILT_PRODUCTS_DIR)/SwiftySequencer.app/SwiftySequencer";
			};
			name = Debug;
		};
		B0D2BE7E1AD83BFF004799B2 /* Release */ = {
			isa = XCBuildConfiguration;
			buildSettings = {
				BUNDLE_LOADER = "$(TEST_HOST)";
				FRAMEWORK_SEARCH_PATHS = (
					"$(SDKROOT)/Developer/Library/Frameworks",
					"$(inherited)",
				);
				INFOPLIST_FILE = SwiftySequencerTests/Info.plist;
				LD_RUNPATH_SEARCH_PATHS = "$(inherited) @executable_path/Frameworks @loader_path/Frameworks";
				PRODUCT_NAME = "$(TARGET_NAME)";
				TEST_HOST = "$(BUILT_PRODUCTS_DIR)/SwiftySequencer.app/SwiftySequencer";
			};
			name = Release;
		};
/* End XCBuildConfiguration section */

/* Begin XCConfigurationList section */
		B0D2BE551AD83BFE004799B2 /* Build configuration list for PBXProject "SwiftySequencer" */ = {
			isa = XCConfigurationList;
			buildConfigurations = (
				B0D2BE771AD83BFF004799B2 /* Debug */,
				B0D2BE781AD83BFF004799B2 /* Release */,
			);
			defaultConfigurationIsVisible = 0;
			defaultConfigurationName = Release;
		};
		B0D2BE791AD83BFF004799B2 /* Build configuration list for PBXNativeTarget "SwiftySequencer" */ = {
			isa = XCConfigurationList;
			buildConfigurations = (
				B0D2BE7A1AD83BFF004799B2 /* Debug */,
				B0D2BE7B1AD83BFF004799B2 /* Release */,
			);
			defaultConfigurationIsVisible = 0;
			defaultConfigurationName = Release;
		};
		B0D2BE7C1AD83BFF004799B2 /* Build configuration list for PBXNativeTarget "SwiftySequencerTests" */ = {
			isa = XCConfigurationList;
			buildConfigurations = (
				B0D2BE7D1AD83BFF004799B2 /* Debug */,
				B0D2BE7E1AD83BFF004799B2 /* Release */,
			);
			defaultConfigurationIsVisible = 0;
			defaultConfigurationName = Release;
		};
/* End XCConfigurationList section */
	};
	rootObject = B0D2BE521AD83BFE004799B2 /* Project object */;
}
